
Microsoft Visual Studio Solution File, Format Version 12.00
# Visual Studio 2017
Project("{FAE04EC0-301F-11D3-BF4B-00C04F79EFBC}") = "Town Builder", "Town Builder.csproj", "{DBF558D8-ABCC-1623-CD62-F765DE5F39D2}"
EndProject
Project("{FAE04EC0-301F-11D3-BF4B-00C04F79EFBC}") = "Town Builder.Editor", "Town Builder.Editor.csproj", "{8546AC31-6142-531E-62F9-C3AF437E88A1}"
EndProject
Global
	GlobalSection(SolutionConfigurationPlatforms) = preSolution
		Debug|Any CPU = Debug|Any CPU
		Release|Any CPU = Release|Any CPU
	EndGlobalSection
	GlobalSection(ProjectConfigurationPlatforms) = postSolution
		{DBF558D8-ABCC-1623-CD62-F765DE5F39D2}.Debug|Any CPU.ActiveCfg = Debug|Any CPU
		{DBF558D8-ABCC-1623-CD62-F765DE5F39D2}.Debug|Any CPU.Build.0 = Debug|Any CPU
		{DBF558D8-ABCC-1623-CD62-F765DE5F39D2}.Release|Any CPU.ActiveCfg = Release|Any CPU
		{DBF558D8-ABCC-1623-CD62-F765DE5F39D2}.Release|Any CPU.Build.0 = Release|Any CPU
		{8546AC31-6142-531E-62F9-C3AF437E88A1}.Debug|Any CPU.ActiveCfg = Debug|Any CPU
		{8546AC31-6142-531E-62F9-C3AF437E88A1}.Debug|Any CPU.Build.0 = Debug|Any CPU
		{8546AC31-6142-531E-62F9-C3AF437E88A1}.Release|Any CPU.ActiveCfg = Release|Any CPU
		{8546AC31-6142-531E-62F9-C3AF437E88A1}.Release|Any CPU.Build.0 = Release|Any CPU
	EndGlobalSection
	GlobalSection(SolutionProperties) = preSolution
		HideSolutionNode = FALSE
	EndGlobalSection
EndGlobal
